// !$*UTF8*$!
{
	archiveVersion = 1;
	classes = {
	};
	objectVersion = 46;
	objects = {

/* Begin PBXBuildFile section */
		593101342118B3E000427C1A /* MapKit.framework in Frameworks */ = {isa = PBXBuildFile; fileRef = 593101332118B3E000427C1A /* MapKit.framework */; };
		593101372118B47C00427C1A /* Explore.storyboard in Resources */ = {isa = PBXBuildFile; fileRef = 593101352118B47C00427C1A /* Explore.storyboard */; };
		593101392118B4A400427C1A /* Map.storyboard in Resources */ = {isa = PBXBuildFile; fileRef = 593101382118B4A400427C1A /* Map.storyboard */; };
		59F361862106269B0013B2F8 /* AppDelegate.swift in Sources */ = {isa = PBXBuildFile; fileRef = 59F361852106269B0013B2F8 /* AppDelegate.swift */; };
		59F3618B2106269B0013B2F8 /* Main.storyboard in Resources */ = {isa = PBXBuildFile; fileRef = 59F361892106269B0013B2F8 /* Main.storyboard */; };
		59F361902106269B0013B2F8 /* LaunchScreen.storyboard in Resources */ = {isa = PBXBuildFile; fileRef = 59F3618E2106269B0013B2F8 /* LaunchScreen.storyboard */; };
		59F3619A210630070013B2F8 /* assets.xcassets in Resources */ = {isa = PBXBuildFile; fileRef = 59F36199210630070013B2F8 /* assets.xcassets */; };
/* End PBXBuildFile section */

/* Begin PBXFileReference section */
		593101332118B3E000427C1A /* MapKit.framework */ = {isa = PBXFileReference; lastKnownFileType = wrapper.framework; name = MapKit.framework; path = System/Library/Frameworks/MapKit.framework; sourceTree = SDKROOT; };
		593101362118B47C00427C1A /* Base */ = {isa = PBXFileReference; lastKnownFileType = file.storyboard; name = Base; path = Base.lproj/Explore.storyboard; sourceTree = "<group>"; };
		593101382118B4A400427C1A /* Map.storyboard */ = {isa = PBXFileReference; fileEncoding = 4; lastKnownFileType = file.storyboard; path = Map.storyboard; sourceTree = "<group>"; };
		59F361822106269B0013B2F8 /* Lets Eat.app */ = {isa = PBXFileReference; explicitFileType = wrapper.application; includeInIndex = 0; path = "Lets Eat.app"; sourceTree = BUILT_PRODUCTS_DIR; };
		59F361852106269B0013B2F8 /* AppDelegate.swift */ = {isa = PBXFileReference; lastKnownFileType = sourcecode.swift; path = AppDelegate.swift; sourceTree = "<group>"; };
		59F3618A2106269B0013B2F8 /* Base */ = {isa = PBXFileReference; lastKnownFileType = file.storyboard; name = Base; path = Base.lproj/Main.storyboard; sourceTree = "<group>"; };
		59F3618F2106269B0013B2F8 /* Base */ = {isa = PBXFileReference; lastKnownFileType = file.storyboard; name = Base; path = Base.lproj/LaunchScreen.storyboard; sourceTree = "<group>"; };
		59F361912106269B0013B2F8 /* Info.plist */ = {isa = PBXFileReference; lastKnownFileType = text.plist.xml; path = Info.plist; sourceTree = "<group>"; };
		59F36199210630070013B2F8 /* assets.xcassets */ = {isa = PBXFileReference; lastKnownFileType = folder.assetcatalog; path = assets.xcassets; sourceTree = "<group>"; };
/* End PBXFileReference section */

/* Begin PBXFrameworksBuildPhase section */
		59F3617F2106269A0013B2F8 /* Frameworks */ = {
			isa = PBXFrameworksBuildPhase;
			buildActionMask = 2147483647;
			files = (
				593101342118B3E000427C1A /* MapKit.framework in Frameworks */,
			);
			runOnlyForDeploymentPostprocessing = 0;
		};
/* End PBXFrameworksBuildPhase section */

/* Begin PBXGroup section */
		593101322118B3DF00427C1A /* Frameworks */ = {
			isa = PBXGroup;
			children = (
				593101332118B3E000427C1A /* MapKit.framework */,
			);
			name = Frameworks;
			sourceTree = "<group>";
		};
		5931013A2118B4C900427C1A /* Assets */ = {
			isa = PBXGroup;
			children = (
				59F361912106269B0013B2F8 /* Info.plist */,
				5931013E2118B51C00427C1A /* Images */,
				5931013D2118B50900427C1A /* Storyboards */,
			);
			name = Assets;
			sourceTree = "<group>";
		};
		5931013B2118B4EC00427C1A /* Application */ = {
			isa = PBXGroup;
			children = (
				593101452118B55A00427C1A /* Main */,
				593101442118B55200427C1A /* Explore */,
				593101432118B54B00427C1A /* Restaurant */,
				593101422118B54700427C1A /* Map */,
				593101412118B53C00427C1A /* Review Location */,
				593101402118B53300427C1A /* Review List */,
				5931013F2118B52900427C1A /* Common */,
			);
			name = Application;
			sourceTree = "<group>";
		};
		5931013D2118B50900427C1A /* Storyboards */ = {
			isa = PBXGroup;
			children = (
				59F361892106269B0013B2F8 /* Main.storyboard */,
				593101382118B4A400427C1A /* Map.storyboard */,
				593101352118B47C00427C1A /* Explore.storyboard */,
				59F3618E2106269B0013B2F8 /* LaunchScreen.storyboard */,
			);
			name = Storyboards;
			sourceTree = "<group>";
		};
		5931013E2118B51C00427C1A /* Images */ = {
			isa = PBXGroup;
			children = (
				59F36199210630070013B2F8 /* assets.xcassets */,
			);
			name = Images;
			sourceTree = "<group>";
		};
		5931013F2118B52900427C1A /* Common */ = {
			isa = PBXGroup;
			children = (
			);
			name = Common;
			sourceTree = "<group>";
		};
		593101402118B53300427C1A /* Review List */ = {
			isa = PBXGroup;
			children = (
			);
			name = "Review List";
			sourceTree = "<group>";
		};
		593101412118B53C00427C1A /* Review Location */ = {
			isa = PBXGroup;
			children = (
			);
			name = "Review Location";
			sourceTree = "<group>";
		};
		593101422118B54700427C1A /* Map */ = {
			isa = PBXGroup;
			children = (
			);
			name = Map;
			sourceTree = "<group>";
		};
		593101432118B54B00427C1A /* Restaurant */ = {
			isa = PBXGroup;
			children = (
			);
			name = Restaurant;
			sourceTree = "<group>";
		};
		593101442118B55200427C1A /* Explore */ = {
			isa = PBXGroup;
			children = (
			);
			name = Explore;
			sourceTree = "<group>";
		};
		593101452118B55A00427C1A /* Main */ = {
			isa = PBXGroup;
			children = (
				59F361852106269B0013B2F8 /* AppDelegate.swift */,
			);
			name = Main;
			sourceTree = "<group>";
		};
		59F361792106269A0013B2F8 = {
			isa = PBXGroup;
			children = (
				59F361842106269B0013B2F8 /* Lets Eat */,
				59F361832106269B0013B2F8 /* Products */,
				593101322118B3DF00427C1A /* Frameworks */,
			);
			sourceTree = "<group>";
		};
		59F361832106269B0013B2F8 /* Products */ = {
			isa = PBXGroup;
			children = (
				59F361822106269B0013B2F8 /* Lets Eat.app */,
			);
			name = Products;
			sourceTree = "<group>";
		};
		59F361842106269B0013B2F8 /* Lets Eat */ = {
			isa = PBXGroup;
			children = (
				5931013B2118B4EC00427C1A /* Application */,
				5931013A2118B4C900427C1A /* Assets */,
			);
			path = "Lets Eat";
			sourceTree = "<group>";
		};
/* End PBXGroup section */

/* Begin PBXNativeTarget section */
		59F361812106269A0013B2F8 /* Lets Eat */ = {
			isa = PBXNativeTarget;
			buildConfigurationList = 59F361942106269B0013B2F8 /* Build configuration list for PBXNativeTarget "Lets Eat" */;
			buildPhases = (
				59F3617E2106269A0013B2F8 /* Sources */,
				59F3617F2106269A0013B2F8 /* Frameworks */,
				59F361802106269A0013B2F8 /* Resources */,
			);
			buildRules = (
			);
			dependencies = (
			);
			name = "Lets Eat";
			productName = "Lets Eat";
			productReference = 59F361822106269B0013B2F8 /* Lets Eat.app */;
			productType = "com.apple.product-type.application";
		};
/* End PBXNativeTarget section */

/* Begin PBXProject section */
		59F3617A2106269A0013B2F8 /* Project object */ = {
			isa = PBXProject;
			attributes = {
				LastSwiftUpdateCheck = 0810;
				LastUpgradeCheck = 0810;
				ORGANIZATIONNAME = "Francisco Javier Aranda Caro";
				TargetAttributes = {
					59F361812106269A0013B2F8 = {
						CreatedOnToolsVersion = 8.1;
						ProvisioningStyle = Automatic;
					};
				};
			};
			buildConfigurationList = 59F3617D2106269A0013B2F8 /* Build configuration list for PBXProject "Lets Eat" */;
			compatibilityVersion = "Xcode 3.2";
			developmentRegion = English;
			hasScannedForEncodings = 0;
			knownRegions = (
				en,
				Base,
			);
			mainGroup = 59F361792106269A0013B2F8;
			productRefGroup = 59F361832106269B0013B2F8 /* Products */;
			projectDirPath = "";
			projectRoot = "";
			targets = (
				59F361812106269A0013B2F8 /* Lets Eat */,
			);
		};
/* End PBXProject section */

/* Begin PBXResourcesBuildPhase section */
		59F361802106269A0013B2F8 /* Resources */ = {
			isa = PBXResourcesBuildPhase;
			buildActionMask = 2147483647;
			files = (
				593101372118B47C00427C1A /* Explore.storyboard in Resources */,
				59F361902106269B0013B2F8 /* LaunchScreen.storyboard in Resources */,
				593101392118B4A400427C1A /* Map.storyboard in Resources */,
				59F3618B2106269B0013B2F8 /* Main.storyboard in Resources */,
				59F3619A210630070013B2F8 /* assets.xcassets in Resources */,
			);
			runOnlyForDeploymentPostprocessing = 0;
		};
/* End PBXResourcesBuildPhase section */

/* Begin PBXSourcesBuildPhase section */
		59F3617E2106269A0013B2F8 /* Sources */ = {
			isa = PBXSourcesBuildPhase;
			buildActionMask = 2147483647;
			files = (
				59F361862106269B0013B2F8 /* AppDelegate.swift in Sources */,
			);
			runOnlyForDeploymentPostprocessing = 0;
		};
/* End PBXSourcesBuildPhase section */

/* Begin PBXVariantGroup section */
		593101352118B47C00427C1A /* Explore.storyboard */ = {
			isa = PBXVariantGroup;
			children = (
				593101362118B47C00427C1A /* Base */,
			);
			name = Explore.storyboard;
			sourceTree = "<group>";
		};
		59F361892106269B0013B2F8 /* Main.storyboard */ = {
			isa = PBXVariantGroup;
			children = (
				59F3618A2106269B0013B2F8 /* Base */,
			);
			name = Main.storyboard;
			sourceTree = "<group>";
		};
		59F3618E2106269B0013B2F8 /* LaunchScreen.storyboard */ = {
			isa = PBXVariantGroup;
			children = (
				59F3618F2106269B0013B2F8 /* Base */,
			);
			name = LaunchScreen.storyboard;
			sourceTree = "<group>";
		};
/* End PBXVariantGroup section */

/* Begin XCBuildConfiguration section */
		59F361922106269B0013B2F8 /* Debug */ = {
			isa = XCBuildConfiguration;
			buildSettings = {
				ALWAYS_SEARCH_USER_PATHS = NO;
				CLANG_ANALYZER_NONNULL = YES;
				CLANG_CXX_LANGUAGE_STANDARD = "gnu++0x";
				CLANG_CXX_LIBRARY = "libc++";
				CLANG_ENABLE_MODULES = YES;
				CLANG_ENABLE_OBJC_ARC = YES;
				CLANG_WARN_BOOL_CONVERSION = YES;
				CLANG_WARN_CONSTANT_CONVERSION = YES;
				CLANG_WARN_DIRECT_OBJC_ISA_USAGE = YES_ERROR;
				CLANG_WARN_DOCUMENTATION_COMMENTS = YES;
				CLANG_WARN_EMPTY_BODY = YES;
				CLANG_WARN_ENUM_CONVERSION = YES;
				CLANG_WARN_INFINITE_RECURSION = YES;
				CLANG_WARN_INT_CONVERSION = YES;
				CLANG_WARN_OBJC_ROOT_CLASS = YES_ERROR;
				CLANG_WARN_SUSPICIOUS_MOVES = YES;
				CLANG_WARN_UNREACHABLE_CODE = YES;
				CLANG_WARN__DUPLICATE_METHOD_MATCH = YES;
				"CODE_SIGN_IDENTITY[sdk=iphoneos*]" = "iPhone Developer";
				COPY_PHASE_STRIP = NO;
				DEBUG_INFORMATION_FORMAT = dwarf;
				ENABLE_STRICT_OBJC_MSGSEND = YES;
				ENABLE_TESTABILITY = YES;
				GCC_C_LANGUAGE_STANDARD = gnu99;
				GCC_DYNAMIC_NO_PIC = NO;
				GCC_NO_COMMON_BLOCKS = YES;
				GCC_OPTIMIZATION_LEVEL = 0;
				GCC_PREPROCESSOR_DEFINITIONS = (
					"DEBUG=1",
					"$(inherited)",
				);
				GCC_WARN_64_TO_32_BIT_CONVERSION = YES;
				GCC_WARN_ABOUT_RETURN_TYPE = YES_ERROR;
				GCC_WARN_UNDECLARED_SELECTOR = YES;
				GCC_WARN_UNINITIALIZED_AUTOS = YES_AGGRESSIVE;
				GCC_WARN_UNUSED_FUNCTION = YES;
				GCC_WARN_UNUSED_VARIABLE = YES;
				IPHONEOS_DEPLOYMENT_TARGET = 10.1;
				MTL_ENABLE_DEBUG_INFO = YES;
				ONLY_ACTIVE_ARCH = YES;
				SDKROOT = iphoneos;
				SWIFT_ACTIVE_COMPILATION_CONDITIONS = DEBUG;
				SWIFT_OPTIMIZATION_LEVEL = "-Onone";
				TARGETED_DEVICE_FAMILY = "1,2";
			};
			name = Debug;
		};
		59F361932106269B0013B2F8 /* Release */ = {
			isa = XCBuildConfiguration;
			buildSettings = {
				ALWAYS_SEARCH_USER_PATHS = NO;
				CLANG_ANALYZER_NONNULL = YES;
				CLANG_CXX_LANGUAGE_STANDARD = "gnu++0x";
				CLANG_CXX_LIBRARY = "libc++";
				CLANG_ENABLE_MODULES = YES;
				CLANG_ENABLE_OBJC_ARC = YES;
				CLANG_WARN_BOOL_CONVERSION = YES;
				CLANG_WARN_CONSTANT_CONVERSION = YES;
				CLANG_WARN_DIRECT_OBJC_ISA_USAGE = YES_ERROR;
				CLANG_WARN_DOCUMENTATION_COMMENTS = YES;
				CLANG_WARN_EMPTY_BODY = YES;
				CLANG_WARN_ENUM_CONVERSION = YES;
				CLANG_WARN_INFINITE_RECURSION = YES;
				CLANG_WARN_INT_CONVERSION = YES;
				CLANG_WARN_OBJC_ROOT_CLASS = YES_ERROR;
				CLANG_WARN_SUSPICIOUS_MOVES = YES;
				CLANG_WARN_UNREACHABLE_CODE = YES;
				CLANG_WARN__DUPLICATE_METHOD_MATCH = YES;
				"CODE_SIGN_IDENTITY[sdk=iphoneos*]" = "iPhone Developer";
				COPY_PHASE_STRIP = NO;
				DEBUG_INFORMATION_FORMAT = "dwarf-with-dsym";
				ENABLE_NS_ASSERTIONS = NO;
				ENABLE_STRICT_OBJC_MSGSEND = YES;
				GCC_C_LANGUAGE_STANDARD = gnu99;
				GCC_NO_COMMON_BLOCKS = YES;
				GCC_WARN_64_TO_32_BIT_CONVERSION = YES;
				GCC_WARN_ABOUT_RETURN_TYPE = YES_ERROR;
				GCC_WARN_UNDECLARED_SELECTOR = YES;
				GCC_WARN_UNINITIALIZED_AUTOS = YES_AGGRESSIVE;
				GCC_WARN_UNUSED_FUNCTION = YES;
				GCC_WARN_UNUSED_VARIABLE = YES;
				IPHONEOS_DEPLOYMENT_TARGET = 10.1;
				MTL_ENABLE_DEBUG_INFO = NO;
				SDKROOT = iphoneos;
				SWIFT_OPTIMIZATION_LEVEL = "-Owholemodule";
				TARGETED_DEVICE_FAMILY = "1,2";
				VALIDATE_PRODUCT = YES;
			};
			name = Release;
		};
		59F361952106269B0013B2F8 /* Debug */ = {
			isa = XCBuildConfiguration;
			buildSettings = {
				ASSETCATALOG_COMPILER_APPICON_NAME = AppIcon;
				DEVELOPMENT_TEAM = "";
				INFOPLIST_FILE = "Lets Eat/Info.plist";
				LD_RUNPATH_SEARCH_PATHS = "$(inherited) @executable_path/Frameworks";
				PRODUCT_BUNDLE_IDENTIFIER = "Moveinspain.Lets-Eat";
				PRODUCT_NAME = "$(TARGET_NAME)";
				SWIFT_VERSION = 3.0;
			};
			name = Debug;
		};
		59F361962106269B0013B2F8 /* Release */ = {
			isa = XCBuildConfiguration;
			buildSettings = {
				ASSETCATALOG_COMPILER_APPICON_NAME = AppIcon;
				DEVELOPMENT_TEAM = "";
				INFOPLIST_FILE = "Lets Eat/Info.plist";
				LD_RUNPATH_SEARCH_PATHS = "$(inherited) @executable_path/Frameworks";
				PRODUCT_BUNDLE_IDENTIFIER = "Moveinspain.Lets-Eat";
				PRODUCT_NAME = "$(TARGET_NAME)";
				SWIFT_VERSION = 3.0;
			};
			name = Release;
		};
/* End XCBuildConfiguration section */

/* Begin XCConfigurationList section */
		59F3617D2106269A0013B2F8 /* Build configuration list for PBXProject "Lets Eat" */ = {
			isa = XCConfigurationList;
			buildConfigurations = (
				59F361922106269B0013B2F8 /* Debug */,
				59F361932106269B0013B2F8 /* Release */,
			);
			defaultConfigurationIsVisible = 0;
			defaultConfigurationName = Release;
		};
		59F361942106269B0013B2F8 /* Build configuration list for PBXNativeTarget "Lets Eat" */ = {
			isa = XCConfigurationList;
			buildConfigurations = (
				59F361952106269B0013B2F8 /* Debug */,
				59F361962106269B0013B2F8 /* Release */,
			);
			defaultConfigurationIsVisible = 0;
			defaultConfigurationName = Release;
		};
/* End XCConfigurationList section */
	};
	rootObject = 59F3617A2106269A0013B2F8 /* Project object */;
}
